
Microsoft Visual Studio Solution File, Format Version 12.00
# Visual Studio 15
VisualStudioVersion = 15.0.28307.852
MinimumVisualStudioVersion = 10.0.40219.1
Project("{D2ABAB84-BF74-430A-B69E-9DC6D40DDA17}") = "CubeOne", "CubeOne\CubeOne.dwproj", "{A2EB403F-E522-487C-B36F-986E5F2799A9}"
EndProject
Global
	GlobalSection(SolutionConfigurationPlatforms) = preSolution
		Development|Default = Development|Default
	EndGlobalSection
	GlobalSection(ProjectConfigurationPlatforms) = postSolution
		{A2EB403F-E522-487C-B36F-986E5F2799A9}.Development|Default.ActiveCfg = Development
		{A2EB403F-E522-487C-B36F-986E5F2799A9}.Development|Default.Build.0 = Development
		{A2EB403F-E522-487C-B36F-986E5F2799A9}.Development|Default.Deploy.0 = Development
	EndGlobalSection
	GlobalSection(SolutionProperties) = preSolution
		HideSolutionNode = FALSE
	EndGlobalSection
	GlobalSection(ExtensibilityGlobals) = postSolution
		SolutionGuid = {D9BE1739-DE9D-4E01-ADF5-2BF85533A5B7}
	EndGlobalSection
EndGlobal
